// !$*UTF8*$!
{
	archiveVersion = 1;
	classes = {
	};
	objectVersion = 46;
	objects = {

/* Begin PBXBuildFile section */
		4C4F554814B5DE7600BBD0E7 /* UIKit.framework in Frameworks */ = {isa = PBXBuildFile; fileRef = 4C4F554714B5DE7600BBD0E7 /* UIKit.framework */; };
		4C4F554A14B5DE7700BBD0E7 /* Foundation.framework in Frameworks */ = {isa = PBXBuildFile; fileRef = 4C4F554914B5DE7700BBD0E7 /* Foundation.framework */; };
		4C4F554C14B5DE7700BBD0E7 /* CoreGraphics.framework in Frameworks */ = {isa = PBXBuildFile; fileRef = 4C4F554B14B5DE7700BBD0E7 /* CoreGraphics.framework */; };
		4C4F555214B5DE7700BBD0E7 /* InfoPlist.strings in Resources */ = {isa = PBXBuildFile; fileRef = 4C4F555014B5DE7700BBD0E7 /* InfoPlist.strings */; };
		4C4F555414B5DE7700BBD0E7 /* main.m in Sources */ = {isa = PBXBuildFile; fileRef = 4C4F555314B5DE7700BBD0E7 /* main.m */; };
		4C4F555814B5DE7700BBD0E7 /* AppDelegate.m in Sources */ = {isa = PBXBuildFile; fileRef = 4C4F555714B5DE7700BBD0E7 /* AppDelegate.m */; };
		4C4F555B14B5DE7700BBD0E7 /* RootViewController.m in Sources */ = {isa = PBXBuildFile; fileRef = 4C4F555A14B5DE7700BBD0E7 /* RootViewController.m */; };
		4C4F555E14B5DE7700BBD0E7 /* DataViewController.m in Sources */ = {isa = PBXBuildFile; fileRef = 4C4F555D14B5DE7700BBD0E7 /* DataViewController.m */; };
		4C4F556114B5DE7700BBD0E7 /* ModelController.m in Sources */ = {isa = PBXBuildFile; fileRef = 4C4F556014B5DE7700BBD0E7 /* ModelController.m */; };
		4C4F556414B5DE7700BBD0E7 /* MainStoryboard.storyboard in Resources */ = {isa = PBXBuildFile; fileRef = 4C4F556214B5DE7700BBD0E7 /* MainStoryboard.storyboard */; };
/* End PBXBuildFile section */

/* Begin PBXFileReference section */
		4C4F554314B5DE7600BBD0E7 /* MultiNavigatorButtons.app */ = {isa = PBXFileReference; explicitFileType = wrapper.application; includeInIndex = 0; path = MultiNavigatorButtons.app; sourceTree = BUILT_PRODUCTS_DIR; };
		4C4F554714B5DE7600BBD0E7 /* UIKit.framework */ = {isa = PBXFileReference; lastKnownFileType = wrapper.framework; name = UIKit.framework; path = System/Library/Frameworks/UIKit.framework; sourceTree = SDKROOT; };
		4C4F554914B5DE7700BBD0E7 /* Foundation.framework */ = {isa = PBXFileReference; lastKnownFileType = wrapper.framework; name = Foundation.framework; path = System/Library/Frameworks/Foundation.framework; sourceTree = SDKROOT; };
		4C4F554B14B5DE7700BBD0E7 /* CoreGraphics.framework */ = {isa = PBXFileReference; lastKnownFileType = wrapper.framework; name = CoreGraphics.framework; path = System/Library/Frameworks/CoreGraphics.framework; sourceTree = SDKROOT; };
		4C4F554F14B5DE7700BBD0E7 /* MultiNavigatorButtons-Info.plist */ = {isa = PBXFileReference; path = "MultiNavigatorButtons-Info.plist"; sourceTree = "<group>"; };
		4C4F555114B5DE7700BBD0E7 /* en */ = {isa = PBXFileReference; lastKnownFileType = text.plist.strings; name = en; path = en.lproj/InfoPlist.strings; sourceTree = "<group>"; };
		4C4F555314B5DE7700BBD0E7 /* main.m */ = {isa = PBXFileReference; lastKnownFileType = sourcecode.c.objc; path = main.m; sourceTree = "<group>"; };
		4C4F555514B5DE7700BBD0E7 /* MultiNavigatorButtons-Prefix.pch */ = {isa = PBXFileReference; path = "MultiNavigatorButtons-Prefix.pch"; sourceTree = "<group>"; };
		4C4F555614B5DE7700BBD0E7 /* AppDelegate.h */ = {isa = PBXFileReference; path = AppDelegate.h; sourceTree = "<group>"; };
		4C4F555714B5DE7700BBD0E7 /* AppDelegate.m */ = {isa = PBXFileReference; lastKnownFileType = sourcecode.c.objc; path = AppDelegate.m; sourceTree = "<group>"; };
		4C4F555914B5DE7700BBD0E7 /* RootViewController.h */ = {isa = PBXFileReference; path = RootViewController.h; sourceTree = "<group>"; };
		4C4F555A14B5DE7700BBD0E7 /* RootViewController.m */ = {isa = PBXFileReference; lastKnownFileType = sourcecode.c.objc; path = RootViewController.m; sourceTree = "<group>"; };
		4C4F555C14B5DE7700BBD0E7 /* DataViewController.h */ = {isa = PBXFileReference; path = DataViewController.h; sourceTree = "<group>"; };
		4C4F555D14B5DE7700BBD0E7 /* DataViewController.m */ = {isa = PBXFileReference; lastKnownFileType = sourcecode.c.objc; path = DataViewController.m; sourceTree = "<group>"; };
		4C4F555F14B5DE7700BBD0E7 /* ModelController.h */ = {isa = PBXFileReference; path = ModelController.h; sourceTree = "<group>"; };
		4C4F556014B5DE7700BBD0E7 /* ModelController.m */ = {isa = PBXFileReference; lastKnownFileType = sourcecode.c.objc; path = ModelController.m; sourceTree = "<group>"; };
		4C4F556314B5DE7700BBD0E7 /* en */ = {isa = PBXFileReference; lastKnownFileType = file.storyboard; name = en; path = en.lproj/MainStoryboard.storyboard; sourceTree = "<group>"; };
/* End PBXFileReference section */

/* Begin PBXFrameworksBuildPhase section */
		4C4F554014B5DE7600BBD0E7 /* Frameworks */ = {
			isa = PBXFrameworksBuildPhase;
			buildActionMask = 2147483647;
			files = (
				4C4F554814B5DE7600BBD0E7 /* UIKit.framework in Frameworks */,
				4C4F554A14B5DE7700BBD0E7 /* Foundation.framework in Frameworks */,
				4C4F554C14B5DE7700BBD0E7 /* CoreGraphics.framework in Frameworks */,
			);
			runOnlyForDeploymentPostprocessing = 0;
		};
/* End PBXFrameworksBuildPhase section */

/* Begin PBXGroup section */
		4C4F553814B5DE7600BBD0E7 = {
			isa = PBXGroup;
			children = (
				4C4F554D14B5DE7700BBD0E7 /* MultiNavigatorButtons */,
				4C4F554614B5DE7600BBD0E7 /* Frameworks */,
				4C4F554414B5DE7600BBD0E7 /* Products */,
			);
			sourceTree = "<group>";
		};
		4C4F554414B5DE7600BBD0E7 /* Products */ = {
			isa = PBXGroup;
			children = (
				4C4F554314B5DE7600BBD0E7 /* MultiNavigatorButtons.app */,
			);
			name = Products;
			sourceTree = "<group>";
		};
		4C4F554614B5DE7600BBD0E7 /* Frameworks */ = {
			isa = PBXGroup;
			children = (
				4C4F554714B5DE7600BBD0E7 /* UIKit.framework */,
				4C4F554914B5DE7700BBD0E7 /* Foundation.framework */,
				4C4F554B14B5DE7700BBD0E7 /* CoreGraphics.framework */,
			);
			name = Frameworks;
			sourceTree = "<group>";
		};
		4C4F554D14B5DE7700BBD0E7 /* MultiNavigatorButtons */ = {
			isa = PBXGroup;
			children = (
				4C4F555614B5DE7700BBD0E7 /* AppDelegate.h */,
				4C4F555714B5DE7700BBD0E7 /* AppDelegate.m */,
				4C4F555914B5DE7700BBD0E7 /* RootViewController.h */,
				4C4F555A14B5DE7700BBD0E7 /* RootViewController.m */,
				4C4F555C14B5DE7700BBD0E7 /* DataViewController.h */,
				4C4F555D14B5DE7700BBD0E7 /* DataViewController.m */,
				4C4F555F14B5DE7700BBD0E7 /* ModelController.h */,
				4C4F556014B5DE7700BBD0E7 /* ModelController.m */,
				4C4F556214B5DE7700BBD0E7 /* MainStoryboard.storyboard */,
				4C4F554E14B5DE7700BBD0E7 /* Supporting Files */,
			);
			path = MultiNavigatorButtons;
			sourceTree = "<group>";
		};
		4C4F554E14B5DE7700BBD0E7 /* Supporting Files */ = {
			isa = PBXGroup;
			children = (
				4C4F554F14B5DE7700BBD0E7 /* MultiNavigatorButtons-Info.plist */,
				4C4F555014B5DE7700BBD0E7 /* InfoPlist.strings */,
				4C4F555314B5DE7700BBD0E7 /* main.m */,
				4C4F555514B5DE7700BBD0E7 /* MultiNavigatorButtons-Prefix.pch */,
			);
			name = "Supporting Files";
			sourceTree = "<group>";
		};
/* End PBXGroup section */

/* Begin PBXNativeTarget section */
		4C4F554214B5DE7600BBD0E7 /* MultiNavigatorButtons */ = {
			isa = PBXNativeTarget;
			buildConfigurationList = 4C4F556714B5DE7700BBD0E7 /* Build configuration list for PBXNativeTarget "MultiNavigatorButtons" */;
			buildPhases = (
				4C4F553F14B5DE7600BBD0E7 /* Sources */,
				4C4F554014B5DE7600BBD0E7 /* Frameworks */,
				4C4F554114B5DE7600BBD0E7 /* Resources */,
			);
			buildRules = (
			);
			dependencies = (
			);
			name = MultiNavigatorButtons;
			productName = MultiNavigatorButtons;
			productReference = 4C4F554314B5DE7600BBD0E7 /* MultiNavigatorButtons.app */;
			productType = "com.apple.product-type.application";
		};
/* End PBXNativeTarget section */

/* Begin PBXProject section */
		4C4F553A14B5DE7600BBD0E7 /* Project object */ = {
			isa = PBXProject;
			attributes = {
				LastUpgradeCheck = 0420;
			};
			buildConfigurationList = 4C4F553D14B5DE7600BBD0E7 /* Build configuration list for PBXProject "MultiNavigatorButtons" */;
			compatibilityVersion = "Xcode 3.2";
			developmentRegion = English;
			hasScannedForEncodings = 0;
			knownRegions = (
				en,
			);
			mainGroup = 4C4F553814B5DE7600BBD0E7;
			productRefGroup = 4C4F554414B5DE7600BBD0E7 /* Products */;
			projectDirPath = "";
			projectRoot = "";
			targets = (
				4C4F554214B5DE7600BBD0E7 /* MultiNavigatorButtons */,
			);
		};
/* End PBXProject section */

/* Begin PBXResourcesBuildPhase section */
		4C4F554114B5DE7600BBD0E7 /* Resources */ = {
			isa = PBXResourcesBuildPhase;
			buildActionMask = 2147483647;
			files = (
				4C4F555214B5DE7700BBD0E7 /* InfoPlist.strings in Resources */,
				4C4F556414B5DE7700BBD0E7 /* MainStoryboard.storyboard in Resources */,
			);
			runOnlyForDeploymentPostprocessing = 0;
		};
/* End PBXResourcesBuildPhase section */

/* Begin PBXSourcesBuildPhase section */
		4C4F553F14B5DE7600BBD0E7 /* Sources */ = {
			isa = PBXSourcesBuildPhase;
			buildActionMask = 2147483647;
			files = (
				4C4F555414B5DE7700BBD0E7 /* main.m in Sources */,
				4C4F555814B5DE7700BBD0E7 /* AppDelegate.m in Sources */,
				4C4F555B14B5DE7700BBD0E7 /* RootViewController.m in Sources */,
				4C4F555E14B5DE7700BBD0E7 /* DataViewController.m in Sources */,
				4C4F556114B5DE7700BBD0E7 /* ModelController.m in Sources */,
			);
			runOnlyForDeploymentPostprocessing = 0;
		};
/* End PBXSourcesBuildPhase section */

/* Begin PBXVariantGroup section */
		4C4F555014B5DE7700BBD0E7 /* InfoPlist.strings */ = {
			isa = PBXVariantGroup;
			children = (
				4C4F555114B5DE7700BBD0E7 /* en */,
			);
			name = InfoPlist.strings;
			sourceTree = "<group>";
		};
		4C4F556214B5DE7700BBD0E7 /* MainStoryboard.storyboard */ = {
			isa = PBXVariantGroup;
			children = (
				4C4F556314B5DE7700BBD0E7 /* en */,
			);
			name = MainStoryboard.storyboard;
			sourceTree = "<group>";
		};
/* End PBXVariantGroup section */

/* Begin XCBuildConfiguration section */
		4C4F556514B5DE7700BBD0E7 /* Debug */ = {
			isa = XCBuildConfiguration;
			buildSettings = {
				ALWAYS_SEARCH_USER_PATHS = NO;
				ARCHS = "$(ARCHS_STANDARD_32_BIT)";
				CLANG_ENABLE_OBJC_ARC = YES;
				"CODE_SIGN_IDENTITY[sdk=iphoneos*]" = "iPhone Developer";
				COPY_PHASE_STRIP = NO;
				GCC_C_LANGUAGE_STANDARD = gnu99;
				GCC_DYNAMIC_NO_PIC = NO;
				GCC_OPTIMIZATION_LEVEL = 0;
				GCC_PREPROCESSOR_DEFINITIONS = (
					"DEBUG=1",
					"$(inherited)",
				);
				GCC_SYMBOLS_PRIVATE_EXTERN = NO;
				GCC_VERSION = com.apple.compilers.llvm.clang.1_0;
				GCC_WARN_ABOUT_MISSING_PROTOTYPES = YES;
				GCC_WARN_ABOUT_RETURN_TYPE = YES;
				GCC_WARN_UNUSED_VARIABLE = YES;
				IPHONEOS_DEPLOYMENT_TARGET = 5.0;
				SDKROOT = iphoneos;
			};
			name = Debug;
		};
		4C4F556614B5DE7700BBD0E7 /* Release */ = {
			isa = XCBuildConfiguration;
			buildSettings = {
				ALWAYS_SEARCH_USER_PATHS = NO;
				ARCHS = "$(ARCHS_STANDARD_32_BIT)";
				CLANG_ENABLE_OBJC_ARC = YES;
				"CODE_SIGN_IDENTITY[sdk=iphoneos*]" = "iPhone Developer";
				COPY_PHASE_STRIP = YES;
				GCC_C_LANGUAGE_STANDARD = gnu99;
				GCC_VERSION = com.apple.compilers.llvm.clang.1_0;
				GCC_WARN_ABOUT_MISSING_PROTOTYPES = YES;
				GCC_WARN_ABOUT_RETURN_TYPE = YES;
				GCC_WARN_UNUSED_VARIABLE = YES;
				IPHONEOS_DEPLOYMENT_TARGET = 5.0;
				OTHER_CFLAGS = "-DNS_BLOCK_ASSERTIONS=1";
				SDKROOT = iphoneos;
				VALIDATE_PRODUCT = YES;
			};
			name = Release;
		};
		4C4F556814B5DE7700BBD0E7 /* Debug */ = {
			isa = XCBuildConfiguration;
			buildSettings = {
				GCC_PRECOMPILE_PREFIX_HEADER = YES;
				GCC_PREFIX_HEADER = "MultiNavigatorButtons/MultiNavigatorButtons-Prefix.pch";
				INFOPLIST_FILE = "MultiNavigatorButtons/MultiNavigatorButtons-Info.plist";
				PRODUCT_NAME = "$(TARGET_NAME)";
				WRAPPER_EXTENSION = app;
			};
			name = Debug;
		};
		4C4F556914B5DE7700BBD0E7 /* Release */ = {
			isa = XCBuildConfiguration;
			buildSettings = {
				GCC_PRECOMPILE_PREFIX_HEADER = YES;
				GCC_PREFIX_HEADER = "MultiNavigatorButtons/MultiNavigatorButtons-Prefix.pch";
				INFOPLIST_FILE = "MultiNavigatorButtons/MultiNavigatorButtons-Info.plist";
				PRODUCT_NAME = "$(TARGET_NAME)";
				WRAPPER_EXTENSION = app;
			};
			name = Release;
		};
/* End XCBuildConfiguration section */

/* Begin XCConfigurationList section */
		4C4F553D14B5DE7600BBD0E7 /* Build configuration list for PBXProject "MultiNavigatorButtons" */ = {
			isa = XCConfigurationList;
			buildConfigurations = (
				4C4F556514B5DE7700BBD0E7 /* Debug */,
				4C4F556614B5DE7700BBD0E7 /* Release */,
			);
			defaultConfigurationIsVisible = 0;
			defaultConfigurationName = Release;
		};
		4C4F556714B5DE7700BBD0E7 /* Build configuration list for PBXNativeTarget "MultiNavigatorButtons" */ = {
			isa = XCConfigurationList;
			buildConfigurations = (
				4C4F556814B5DE7700BBD0E7 /* Debug */,
				4C4F556914B5DE7700BBD0E7 /* Release */,
			);
			defaultConfigurationIsVisible = 0;
		};
/* End XCConfigurationList section */
	};
	rootObject = 4C4F553A14B5DE7600BBD0E7 /* Project object */;
}
